
Microsoft Visual Studio Solution File, Format Version 12.00
# Visual Studio Version 17
VisualStudioVersion = 17.2.32630.192
MinimumVisualStudioVersion = 10.0.40219.1
Project("{9A19103F-16F7-4668-BE54-9A1E7A4F7556}") = "F10Y.NG0004.Construction", "F10Y.NG0004.Construction\F10Y.NG0004.Construction.csproj", "{C40D9539-0559-4FCC-AA52-AD1D51A6852C}"
EndProject
Project("{9A19103F-16F7-4668-BE54-9A1E7A4F7556}") = "F10Y.NG0004", "F10Y.NG0004\F10Y.NG0004.csproj", "{D421E0A6-8FB1-4FCA-913E-96EBBB8484E5}"
EndProject
Global
	GlobalSection(SolutionConfigurationPlatforms) = preSolution
		Debug|Any CPU = Debug|Any CPU
		Release|Any CPU = Release|Any CPU
	EndGlobalSection
	GlobalSection(ProjectConfigurationPlatforms) = postSolution
		{C40D9539-0559-4FCC-AA52-AD1D51A6852C}.Debug|Any CPU.ActiveCfg = Debug|Any CPU
		{C40D9539-0559-4FCC-AA52-AD1D51A6852C}.Debug|Any CPU.Build.0 = Debug|Any CPU
		{C40D9539-0559-4FCC-AA52-AD1D51A6852C}.Release|Any CPU.ActiveCfg = Release|Any CPU
		{C40D9539-0559-4FCC-AA52-AD1D51A6852C}.Release|Any CPU.Build.0 = Release|Any CPU
		{D421E0A6-8FB1-4FCA-913E-96EBBB8484E5}.Debug|Any CPU.ActiveCfg = Debug|Any CPU
		{D421E0A6-8FB1-4FCA-913E-96EBBB8484E5}.Debug|Any CPU.Build.0 = Debug|Any CPU
		{D421E0A6-8FB1-4FCA-913E-96EBBB8484E5}.Release|Any CPU.ActiveCfg = Release|Any CPU
		{D421E0A6-8FB1-4FCA-913E-96EBBB8484E5}.Release|Any CPU.Build.0 = Release|Any CPU
	EndGlobalSection
	GlobalSection(SolutionProperties) = preSolution
		HideSolutionNode = FALSE
	EndGlobalSection
	GlobalSection(ExtensibilityGlobals) = postSolution
		SolutionGuid = {D84B80AD-59FC-4C29-A556-73480A90741C}
	EndGlobalSection
EndGlobal
